// !$*UTF8*$!
{
	archiveVersion = 1;
	classes = {
	};
	objectVersion = 46;
	objects = {

/* Begin PBXBuildFile section */
		D5090F3B1AC6D65E00831399 /* AddressBook.framework in Frameworks */ = {isa = PBXBuildFile; fileRef = D5090F3A1AC6D65E00831399 /* AddressBook.framework */; };
		D5090F3D1AC6D66500831399 /* AddressBookUI.framework in Frameworks */ = {isa = PBXBuildFile; fileRef = D5090F3C1AC6D66500831399 /* AddressBookUI.framework */; };
		D5090F411AC6D68D00831399 /* CoreData.framework in Frameworks */ = {isa = PBXBuildFile; fileRef = D5090F3E1AC6D68D00831399 /* CoreData.framework */; };
		D5090F421AC6D68D00831399 /* CoreFoundation.framework in Frameworks */ = {isa = PBXBuildFile; fileRef = D5090F3F1AC6D68D00831399 /* CoreFoundation.framework */; };
		D5090F431AC6D68D00831399 /* CoreText.framework in Frameworks */ = {isa = PBXBuildFile; fileRef = D5090F401AC6D68D00831399 /* CoreText.framework */; };
		D5090F561AC6E26F00831399 /* APAddress.m in Sources */ = {isa = PBXBuildFile; fileRef = D5090F4C1AC6E26F00831399 /* APAddress.m */; };
		D5090F571AC6E26F00831399 /* APAddressBook.m in Sources */ = {isa = PBXBuildFile; fileRef = D5090F4E1AC6E26F00831399 /* APAddressBook.m */; };
		D5090F581AC6E26F00831399 /* APContact.m in Sources */ = {isa = PBXBuildFile; fileRef = D5090F501AC6E26F00831399 /* APContact.m */; };
		D5090F591AC6E26F00831399 /* APPhoneWithLabel.m in Sources */ = {isa = PBXBuildFile; fileRef = D5090F521AC6E26F00831399 /* APPhoneWithLabel.m */; };
		D5090F5A1AC6E26F00831399 /* APSocialProfile.m in Sources */ = {isa = PBXBuildFile; fileRef = D5090F541AC6E26F00831399 /* APSocialProfile.m */; };
		D5090F5D1AC6E3DD00831399 /* DMMainViewController.m in Sources */ = {isa = PBXBuildFile; fileRef = D5090F5B1AC6E3DD00831399 /* DMMainViewController.m */; };
		D5090F601AC6E4DE00831399 /* DMView.m in Sources */ = {isa = PBXBuildFile; fileRef = D5090F5F1AC6E4DE00831399 /* DMView.m */; };
		D548A8501AC67962002D7DCB /* main.m in Sources */ = {isa = PBXBuildFile; fileRef = D548A84F1AC67962002D7DCB /* main.m */; };
		D548A8531AC67962002D7DCB /* AppDelegate.m in Sources */ = {isa = PBXBuildFile; fileRef = D548A8521AC67962002D7DCB /* AppDelegate.m */; };
		D548A8561AC67962002D7DCB /* Debt_Manager.xcdatamodeld in Sources */ = {isa = PBXBuildFile; fileRef = D548A8541AC67962002D7DCB /* Debt_Manager.xcdatamodeld */; };
		D548A85C1AC67962002D7DCB /* Main.storyboard in Resources */ = {isa = PBXBuildFile; fileRef = D548A85A1AC67962002D7DCB /* Main.storyboard */; };
		D548A85E1AC67962002D7DCB /* Images.xcassets in Resources */ = {isa = PBXBuildFile; fileRef = D548A85D1AC67962002D7DCB /* Images.xcassets */; };
		D548A8611AC67962002D7DCB /* LaunchScreen.xib in Resources */ = {isa = PBXBuildFile; fileRef = D548A85F1AC67962002D7DCB /* LaunchScreen.xib */; };
		D548A86D1AC67962002D7DCB /* Debt_ManagerTests.m in Sources */ = {isa = PBXBuildFile; fileRef = D548A86C1AC67962002D7DCB /* Debt_ManagerTests.m */; };
/* End PBXBuildFile section */

/* Begin PBXContainerItemProxy section */
		D548A8671AC67962002D7DCB /* PBXContainerItemProxy */ = {
			isa = PBXContainerItemProxy;
			containerPortal = D548A8421AC67962002D7DCB /* Project object */;
			proxyType = 1;
			remoteGlobalIDString = D548A8491AC67962002D7DCB;
			remoteInfo = "Debt Manager";
		};
/* End PBXContainerItemProxy section */

/* Begin PBXFileReference section */
		D5090F3A1AC6D65E00831399 /* AddressBook.framework */ = {isa = PBXFileReference; lastKnownFileType = wrapper.framework; name = AddressBook.framework; path = System/Library/Frameworks/AddressBook.framework; sourceTree = SDKROOT; };
		D5090F3C1AC6D66500831399 /* AddressBookUI.framework */ = {isa = PBXFileReference; lastKnownFileType = wrapper.framework; name = AddressBookUI.framework; path = System/Library/Frameworks/AddressBookUI.framework; sourceTree = SDKROOT; };
		D5090F3E1AC6D68D00831399 /* CoreData.framework */ = {isa = PBXFileReference; lastKnownFileType = wrapper.framework; name = CoreData.framework; path = System/Library/Frameworks/CoreData.framework; sourceTree = SDKROOT; };
		D5090F3F1AC6D68D00831399 /* CoreFoundation.framework */ = {isa = PBXFileReference; lastKnownFileType = wrapper.framework; name = CoreFoundation.framework; path = System/Library/Frameworks/CoreFoundation.framework; sourceTree = SDKROOT; };
		D5090F401AC6D68D00831399 /* CoreText.framework */ = {isa = PBXFileReference; lastKnownFileType = wrapper.framework; name = CoreText.framework; path = System/Library/Frameworks/CoreText.framework; sourceTree = SDKROOT; };
		D5090F4B1AC6E26F00831399 /* APAddress.h */ = {isa = PBXFileReference; fileEncoding = 4; lastKnownFileType = sourcecode.c.h; path = APAddress.h; sourceTree = "<group>"; };
		D5090F4C1AC6E26F00831399 /* APAddress.m */ = {isa = PBXFileReference; fileEncoding = 4; lastKnownFileType = sourcecode.c.objc; path = APAddress.m; sourceTree = "<group>"; };
		D5090F4D1AC6E26F00831399 /* APAddressBook.h */ = {isa = PBXFileReference; fileEncoding = 4; lastKnownFileType = sourcecode.c.h; path = APAddressBook.h; sourceTree = "<group>"; };
		D5090F4E1AC6E26F00831399 /* APAddressBook.m */ = {isa = PBXFileReference; fileEncoding = 4; lastKnownFileType = sourcecode.c.objc; path = APAddressBook.m; sourceTree = "<group>"; };
		D5090F4F1AC6E26F00831399 /* APContact.h */ = {isa = PBXFileReference; fileEncoding = 4; lastKnownFileType = sourcecode.c.h; path = APContact.h; sourceTree = "<group>"; };
		D5090F501AC6E26F00831399 /* APContact.m */ = {isa = PBXFileReference; fileEncoding = 4; lastKnownFileType = sourcecode.c.objc; path = APContact.m; sourceTree = "<group>"; };
		D5090F511AC6E26F00831399 /* APPhoneWithLabel.h */ = {isa = PBXFileReference; fileEncoding = 4; lastKnownFileType = sourcecode.c.h; path = APPhoneWithLabel.h; sourceTree = "<group>"; };
		D5090F521AC6E26F00831399 /* APPhoneWithLabel.m */ = {isa = PBXFileReference; fileEncoding = 4; lastKnownFileType = sourcecode.c.objc; path = APPhoneWithLabel.m; sourceTree = "<group>"; };
		D5090F531AC6E26F00831399 /* APSocialProfile.h */ = {isa = PBXFileReference; fileEncoding = 4; lastKnownFileType = sourcecode.c.h; path = APSocialProfile.h; sourceTree = "<group>"; };
		D5090F541AC6E26F00831399 /* APSocialProfile.m */ = {isa = PBXFileReference; fileEncoding = 4; lastKnownFileType = sourcecode.c.objc; path = APSocialProfile.m; sourceTree = "<group>"; };
		D5090F551AC6E26F00831399 /* APTypes.h */ = {isa = PBXFileReference; fileEncoding = 4; lastKnownFileType = sourcecode.c.h; path = APTypes.h; sourceTree = "<group>"; };
		D5090F5B1AC6E3DD00831399 /* DMMainViewController.m */ = {isa = PBXFileReference; fileEncoding = 4; lastKnownFileType = sourcecode.c.objc; path = DMMainViewController.m; sourceTree = "<group>"; };
		D5090F5C1AC6E3DD00831399 /* DMMainViewController.h */ = {isa = PBXFileReference; fileEncoding = 4; lastKnownFileType = sourcecode.c.h; path = DMMainViewController.h; sourceTree = "<group>"; };
		D5090F5E1AC6E4DE00831399 /* DMView.h */ = {isa = PBXFileReference; fileEncoding = 4; lastKnownFileType = sourcecode.c.h; path = DMView.h; sourceTree = "<group>"; };
		D5090F5F1AC6E4DE00831399 /* DMView.m */ = {isa = PBXFileReference; fileEncoding = 4; lastKnownFileType = sourcecode.c.objc; path = DMView.m; sourceTree = "<group>"; };
		D548A84A1AC67962002D7DCB /* Debt Manager.app */ = {isa = PBXFileReference; explicitFileType = wrapper.application; includeInIndex = 0; path = "Debt Manager.app"; sourceTree = BUILT_PRODUCTS_DIR; };
		D548A84E1AC67962002D7DCB /* Info.plist */ = {isa = PBXFileReference; lastKnownFileType = text.plist.xml; path = Info.plist; sourceTree = "<group>"; };
		D548A84F1AC67962002D7DCB /* main.m */ = {isa = PBXFileReference; lastKnownFileType = sourcecode.c.objc; path = main.m; sourceTree = "<group>"; };
		D548A8511AC67962002D7DCB /* AppDelegate.h */ = {isa = PBXFileReference; lastKnownFileType = sourcecode.c.h; path = AppDelegate.h; sourceTree = "<group>"; };
		D548A8521AC67962002D7DCB /* AppDelegate.m */ = {isa = PBXFileReference; lastKnownFileType = sourcecode.c.objc; path = AppDelegate.m; sourceTree = "<group>"; };
		D548A8551AC67962002D7DCB /* Debt_Manager.xcdatamodel */ = {isa = PBXFileReference; lastKnownFileType = wrapper.xcdatamodel; path = Debt_Manager.xcdatamodel; sourceTree = "<group>"; };
		D548A85B1AC67962002D7DCB /* Base */ = {isa = PBXFileReference; lastKnownFileType = file.storyboard; name = Base; path = Base.lproj/Main.storyboard; sourceTree = "<group>"; };
		D548A85D1AC67962002D7DCB /* Images.xcassets */ = {isa = PBXFileReference; lastKnownFileType = folder.assetcatalog; path = Images.xcassets; sourceTree = "<group>"; };
		D548A8601AC67962002D7DCB /* Base */ = {isa = PBXFileReference; lastKnownFileType = file.xib; name = Base; path = Base.lproj/LaunchScreen.xib; sourceTree = "<group>"; };
		D548A8661AC67962002D7DCB /* Debt ManagerTests.xctest */ = {isa = PBXFileReference; explicitFileType = wrapper.cfbundle; includeInIndex = 0; path = "Debt ManagerTests.xctest"; sourceTree = BUILT_PRODUCTS_DIR; };
		D548A86B1AC67962002D7DCB /* Info.plist */ = {isa = PBXFileReference; lastKnownFileType = text.plist.xml; path = Info.plist; sourceTree = "<group>"; };
		D548A86C1AC67962002D7DCB /* Debt_ManagerTests.m */ = {isa = PBXFileReference; lastKnownFileType = sourcecode.c.objc; path = Debt_ManagerTests.m; sourceTree = "<group>"; };
/* End PBXFileReference section */

/* Begin PBXFrameworksBuildPhase section */
		D548A8471AC67962002D7DCB /* Frameworks */ = {
			isa = PBXFrameworksBuildPhase;
			buildActionMask = 2147483647;
			files = (
				D5090F411AC6D68D00831399 /* CoreData.framework in Frameworks */,
				D5090F421AC6D68D00831399 /* CoreFoundation.framework in Frameworks */,
				D5090F431AC6D68D00831399 /* CoreText.framework in Frameworks */,
				D5090F3D1AC6D66500831399 /* AddressBookUI.framework in Frameworks */,
				D5090F3B1AC6D65E00831399 /* AddressBook.framework in Frameworks */,
			);
			runOnlyForDeploymentPostprocessing = 0;
		};
		D548A8631AC67962002D7DCB /* Frameworks */ = {
			isa = PBXFrameworksBuildPhase;
			buildActionMask = 2147483647;
			files = (
			);
			runOnlyForDeploymentPostprocessing = 0;
		};
/* End PBXFrameworksBuildPhase section */

/* Begin PBXGroup section */
		D5090F451AC6D6C100831399 /* Frameworks */ = {
			isa = PBXGroup;
			children = (
				D5090F3E1AC6D68D00831399 /* CoreData.framework */,
				D5090F3F1AC6D68D00831399 /* CoreFoundation.framework */,
				D5090F401AC6D68D00831399 /* CoreText.framework */,
				D5090F3C1AC6D66500831399 /* AddressBookUI.framework */,
				D5090F3A1AC6D65E00831399 /* AddressBook.framework */,
			);
			name = Frameworks;
			sourceTree = "<group>";
		};
		D5090F461AC6D70600831399 /* Classes */ = {
			isa = PBXGroup;
			children = (
				D5090F471AC6D70600831399 /* Controllers */,
				D5090F481AC6D70600831399 /* Views */,
			);
			path = Classes;
			sourceTree = "<group>";
		};
		D5090F471AC6D70600831399 /* Controllers */ = {
			isa = PBXGroup;
			children = (
				D5090F5C1AC6E3DD00831399 /* DMMainViewController.h */,
				D5090F5B1AC6E3DD00831399 /* DMMainViewController.m */,
			);
			path = Controllers;
			sourceTree = "<group>";
		};
		D5090F481AC6D70600831399 /* Views */ = {
			isa = PBXGroup;
			children = (
				D5090F5E1AC6E4DE00831399 /* DMView.h */,
				D5090F5F1AC6E4DE00831399 /* DMView.m */,
			);
			path = Views;
			sourceTree = "<group>";
		};
		D5090F491AC6E26F00831399 /* ThirdParty */ = {
			isa = PBXGroup;
			children = (
				D5090F4A1AC6E26F00831399 /* APAddressBook */,
			);
			path = ThirdParty;
			sourceTree = "<group>";
		};
		D5090F4A1AC6E26F00831399 /* APAddressBook */ = {
			isa = PBXGroup;
			children = (
				D5090F4B1AC6E26F00831399 /* APAddress.h */,
				D5090F4C1AC6E26F00831399 /* APAddress.m */,
				D5090F4D1AC6E26F00831399 /* APAddressBook.h */,
				D5090F4E1AC6E26F00831399 /* APAddressBook.m */,
				D5090F4F1AC6E26F00831399 /* APContact.h */,
				D5090F501AC6E26F00831399 /* APContact.m */,
				D5090F511AC6E26F00831399 /* APPhoneWithLabel.h */,
				D5090F521AC6E26F00831399 /* APPhoneWithLabel.m */,
				D5090F531AC6E26F00831399 /* APSocialProfile.h */,
				D5090F541AC6E26F00831399 /* APSocialProfile.m */,
				D5090F551AC6E26F00831399 /* APTypes.h */,
			);
			path = APAddressBook;
			sourceTree = "<group>";
		};
		D548A8411AC67962002D7DCB = {
			isa = PBXGroup;
			children = (
				D548A84C1AC67962002D7DCB /* Debt Manager */,
				D548A8691AC67962002D7DCB /* Debt ManagerTests */,
				D548A84B1AC67962002D7DCB /* Products */,
			);
			sourceTree = "<group>";
		};
		D548A84B1AC67962002D7DCB /* Products */ = {
			isa = PBXGroup;
			children = (
				D548A84A1AC67962002D7DCB /* Debt Manager.app */,
				D548A8661AC67962002D7DCB /* Debt ManagerTests.xctest */,
			);
			name = Products;
			sourceTree = "<group>";
		};
		D548A84C1AC67962002D7DCB /* Debt Manager */ = {
			isa = PBXGroup;
			children = (
				D5090F461AC6D70600831399 /* Classes */,
				D548A8511AC67962002D7DCB /* AppDelegate.h */,
				D548A8521AC67962002D7DCB /* AppDelegate.m */,
				D548A85A1AC67962002D7DCB /* Main.storyboard */,
				D548A85D1AC67962002D7DCB /* Images.xcassets */,
				D548A85F1AC67962002D7DCB /* LaunchScreen.xib */,
				D548A8541AC67962002D7DCB /* Debt_Manager.xcdatamodeld */,
				D5090F491AC6E26F00831399 /* ThirdParty */,
				D548A84D1AC67962002D7DCB /* Supporting Files */,
				D5090F451AC6D6C100831399 /* Frameworks */,
			);
			path = "Debt Manager";
			sourceTree = "<group>";
		};
		D548A84D1AC67962002D7DCB /* Supporting Files */ = {
			isa = PBXGroup;
			children = (
				D548A84E1AC67962002D7DCB /* Info.plist */,
				D548A84F1AC67962002D7DCB /* main.m */,
			);
			name = "Supporting Files";
			sourceTree = "<group>";
		};
		D548A8691AC67962002D7DCB /* Debt ManagerTests */ = {
			isa = PBXGroup;
			children = (
				D548A86C1AC67962002D7DCB /* Debt_ManagerTests.m */,
				D548A86A1AC67962002D7DCB /* Supporting Files */,
			);
			path = "Debt ManagerTests";
			sourceTree = "<group>";
		};
		D548A86A1AC67962002D7DCB /* Supporting Files */ = {
			isa = PBXGroup;
			children = (
				D548A86B1AC67962002D7DCB /* Info.plist */,
			);
			name = "Supporting Files";
			sourceTree = "<group>";
		};
/* End PBXGroup section */

/* Begin PBXNativeTarget section */
		D548A8491AC67962002D7DCB /* Debt Manager */ = {
			isa = PBXNativeTarget;
			buildConfigurationList = D548A8701AC67962002D7DCB /* Build configuration list for PBXNativeTarget "Debt Manager" */;
			buildPhases = (
				D548A8461AC67962002D7DCB /* Sources */,
				D548A8471AC67962002D7DCB /* Frameworks */,
				D548A8481AC67962002D7DCB /* Resources */,
			);
			buildRules = (
			);
			dependencies = (
			);
			name = "Debt Manager";
			productName = "Debt Manager";
			productReference = D548A84A1AC67962002D7DCB /* Debt Manager.app */;
			productType = "com.apple.product-type.application";
		};
		D548A8651AC67962002D7DCB /* Debt ManagerTests */ = {
			isa = PBXNativeTarget;
			buildConfigurationList = D548A8731AC67962002D7DCB /* Build configuration list for PBXNativeTarget "Debt ManagerTests" */;
			buildPhases = (
				D548A8621AC67962002D7DCB /* Sources */,
				D548A8631AC67962002D7DCB /* Frameworks */,
				D548A8641AC67962002D7DCB /* Resources */,
			);
			buildRules = (
			);
			dependencies = (
				D548A8681AC67962002D7DCB /* PBXTargetDependency */,
			);
			name = "Debt ManagerTests";
			productName = "Debt ManagerTests";
			productReference = D548A8661AC67962002D7DCB /* Debt ManagerTests.xctest */;
			productType = "com.apple.product-type.bundle.unit-test";
		};
/* End PBXNativeTarget section */

/* Begin PBXProject section */
		D548A8421AC67962002D7DCB /* Project object */ = {
			isa = PBXProject;
			attributes = {
				LastUpgradeCheck = 0620;
				ORGANIZATIONNAME = DM;
				TargetAttributes = {
					D548A8491AC67962002D7DCB = {
						CreatedOnToolsVersion = 6.2;
					};
					D548A8651AC67962002D7DCB = {
						CreatedOnToolsVersion = 6.2;
						TestTargetID = D548A8491AC67962002D7DCB;
					};
				};
			};
			buildConfigurationList = D548A8451AC67962002D7DCB /* Build configuration list for PBXProject "Debt Manager" */;
			compatibilityVersion = "Xcode 3.2";
			developmentRegion = English;
			hasScannedForEncodings = 0;
			knownRegions = (
				en,
				Base,
			);
			mainGroup = D548A8411AC67962002D7DCB;
			productRefGroup = D548A84B1AC67962002D7DCB /* Products */;
			projectDirPath = "";
			projectRoot = "";
			targets = (
				D548A8491AC67962002D7DCB /* Debt Manager */,
				D548A8651AC67962002D7DCB /* Debt ManagerTests */,
			);
		};
/* End PBXProject section */

/* Begin PBXResourcesBuildPhase section */
		D548A8481AC67962002D7DCB /* Resources */ = {
			isa = PBXResourcesBuildPhase;
			buildActionMask = 2147483647;
			files = (
				D548A85C1AC67962002D7DCB /* Main.storyboard in Resources */,
				D548A8611AC67962002D7DCB /* LaunchScreen.xib in Resources */,
				D548A85E1AC67962002D7DCB /* Images.xcassets in Resources */,
			);
			runOnlyForDeploymentPostprocessing = 0;
		};
		D548A8641AC67962002D7DCB /* Resources */ = {
			isa = PBXResourcesBuildPhase;
			buildActionMask = 2147483647;
			files = (
			);
			runOnlyForDeploymentPostprocessing = 0;
		};
/* End PBXResourcesBuildPhase section */

/* Begin PBXSourcesBuildPhase section */
		D548A8461AC67962002D7DCB /* Sources */ = {
			isa = PBXSourcesBuildPhase;
			buildActionMask = 2147483647;
			files = (
				D5090F5D1AC6E3DD00831399 /* DMMainViewController.m in Sources */,
				D548A8561AC67962002D7DCB /* Debt_Manager.xcdatamodeld in Sources */,
				D5090F561AC6E26F00831399 /* APAddress.m in Sources */,
				D548A8531AC67962002D7DCB /* AppDelegate.m in Sources */,
				D5090F5A1AC6E26F00831399 /* APSocialProfile.m in Sources */,
				D5090F591AC6E26F00831399 /* APPhoneWithLabel.m in Sources */,
				D5090F571AC6E26F00831399 /* APAddressBook.m in Sources */,
				D548A8501AC67962002D7DCB /* main.m in Sources */,
				D5090F581AC6E26F00831399 /* APContact.m in Sources */,
				D5090F601AC6E4DE00831399 /* DMView.m in Sources */,
			);
			runOnlyForDeploymentPostprocessing = 0;
		};
		D548A8621AC67962002D7DCB /* Sources */ = {
			isa = PBXSourcesBuildPhase;
			buildActionMask = 2147483647;
			files = (
				D548A86D1AC67962002D7DCB /* Debt_ManagerTests.m in Sources */,
			);
			runOnlyForDeploymentPostprocessing = 0;
		};
/* End PBXSourcesBuildPhase section */

/* Begin PBXTargetDependency section */
		D548A8681AC67962002D7DCB /* PBXTargetDependency */ = {
			isa = PBXTargetDependency;
			target = D548A8491AC67962002D7DCB /* Debt Manager */;
			targetProxy = D548A8671AC67962002D7DCB /* PBXContainerItemProxy */;
		};
/* End PBXTargetDependency section */

/* Begin PBXVariantGroup section */
		D548A85A1AC67962002D7DCB /* Main.storyboard */ = {
			isa = PBXVariantGroup;
			children = (
				D548A85B1AC67962002D7DCB /* Base */,
			);
			name = Main.storyboard;
			sourceTree = "<group>";
		};
		D548A85F1AC67962002D7DCB /* LaunchScreen.xib */ = {
			isa = PBXVariantGroup;
			children = (
				D548A8601AC67962002D7DCB /* Base */,
			);
			name = LaunchScreen.xib;
			sourceTree = "<group>";
		};
/* End PBXVariantGroup section */

/* Begin XCBuildConfiguration section */
		D548A86E1AC67962002D7DCB /* Debug */ = {
			isa = XCBuildConfiguration;
			buildSettings = {
				ALWAYS_SEARCH_USER_PATHS = NO;
				CLANG_CXX_LANGUAGE_STANDARD = "gnu++0x";
				CLANG_CXX_LIBRARY = "libc++";
				CLANG_ENABLE_MODULES = YES;
				CLANG_ENABLE_OBJC_ARC = YES;
				CLANG_WARN_BOOL_CONVERSION = YES;
				CLANG_WARN_CONSTANT_CONVERSION = YES;
				CLANG_WARN_DIRECT_OBJC_ISA_USAGE = YES_ERROR;
				CLANG_WARN_EMPTY_BODY = YES;
				CLANG_WARN_ENUM_CONVERSION = YES;
				CLANG_WARN_INT_CONVERSION = YES;
				CLANG_WARN_OBJC_ROOT_CLASS = YES_ERROR;
				CLANG_WARN_UNREACHABLE_CODE = YES;
				CLANG_WARN__DUPLICATE_METHOD_MATCH = YES;
				"CODE_SIGN_IDENTITY[sdk=iphoneos*]" = "iPhone Developer";
				COPY_PHASE_STRIP = NO;
				ENABLE_STRICT_OBJC_MSGSEND = YES;
				GCC_C_LANGUAGE_STANDARD = gnu99;
				GCC_DYNAMIC_NO_PIC = NO;
				GCC_OPTIMIZATION_LEVEL = 0;
				GCC_PREPROCESSOR_DEFINITIONS = (
					"DEBUG=1",
					"$(inherited)",
				);
				GCC_SYMBOLS_PRIVATE_EXTERN = NO;
				GCC_WARN_64_TO_32_BIT_CONVERSION = YES;
				GCC_WARN_ABOUT_RETURN_TYPE = YES_ERROR;
				GCC_WARN_UNDECLARED_SELECTOR = YES;
				GCC_WARN_UNINITIALIZED_AUTOS = YES_AGGRESSIVE;
				GCC_WARN_UNUSED_FUNCTION = YES;
				GCC_WARN_UNUSED_VARIABLE = YES;
				IPHONEOS_DEPLOYMENT_TARGET = 8.2;
				MTL_ENABLE_DEBUG_INFO = YES;
				ONLY_ACTIVE_ARCH = YES;
				SDKROOT = iphoneos;
			};
			name = Debug;
		};
		D548A86F1AC67962002D7DCB /* Release */ = {
			isa = XCBuildConfiguration;
			buildSettings = {
				ALWAYS_SEARCH_USER_PATHS = NO;
				CLANG_CXX_LANGUAGE_STANDARD = "gnu++0x";
				CLANG_CXX_LIBRARY = "libc++";
				CLANG_ENABLE_MODULES = YES;
				CLANG_ENABLE_OBJC_ARC = YES;
				CLANG_WARN_BOOL_CONVERSION = YES;
				CLANG_WARN_CONSTANT_CONVERSION = YES;
				CLANG_WARN_DIRECT_OBJC_ISA_USAGE = YES_ERROR;
				CLANG_WARN_EMPTY_BODY = YES;
				CLANG_WARN_ENUM_CONVERSION = YES;
				CLANG_WARN_INT_CONVERSION = YES;
				CLANG_WARN_OBJC_ROOT_CLASS = YES_ERROR;
				CLANG_WARN_UNREACHABLE_CODE = YES;
				CLANG_WARN__DUPLICATE_METHOD_MATCH = YES;
				"CODE_SIGN_IDENTITY[sdk=iphoneos*]" = "iPhone Developer";
				COPY_PHASE_STRIP = NO;
				ENABLE_NS_ASSERTIONS = NO;
				ENABLE_STRICT_OBJC_MSGSEND = YES;
				GCC_C_LANGUAGE_STANDARD = gnu99;
				GCC_WARN_64_TO_32_BIT_CONVERSION = YES;
				GCC_WARN_ABOUT_RETURN_TYPE = YES_ERROR;
				GCC_WARN_UNDECLARED_SELECTOR = YES;
				GCC_WARN_UNINITIALIZED_AUTOS = YES_AGGRESSIVE;
				GCC_WARN_UNUSED_FUNCTION = YES;
				GCC_WARN_UNUSED_VARIABLE = YES;
				IPHONEOS_DEPLOYMENT_TARGET = 8.2;
				MTL_ENABLE_DEBUG_INFO = NO;
				SDKROOT = iphoneos;
				VALIDATE_PRODUCT = YES;
			};
			name = Release;
		};
		D548A8711AC67962002D7DCB /* Debug */ = {
			isa = XCBuildConfiguration;
			buildSettings = {
				ASSETCATALOG_COMPILER_APPICON_NAME = AppIcon;
				INFOPLIST_FILE = "Debt Manager/Info.plist";
				IPHONEOS_DEPLOYMENT_TARGET = 7.0;
				LD_RUNPATH_SEARCH_PATHS = "$(inherited) @executable_path/Frameworks";
				PRODUCT_NAME = "$(TARGET_NAME)";
			};
			name = Debug;
		};
		D548A8721AC67962002D7DCB /* Release */ = {
			isa = XCBuildConfiguration;
			buildSettings = {
				ASSETCATALOG_COMPILER_APPICON_NAME = AppIcon;
				INFOPLIST_FILE = "Debt Manager/Info.plist";
				IPHONEOS_DEPLOYMENT_TARGET = 7.0;
				LD_RUNPATH_SEARCH_PATHS = "$(inherited) @executable_path/Frameworks";
				PRODUCT_NAME = "$(TARGET_NAME)";
			};
			name = Release;
		};
		D548A8741AC67962002D7DCB /* Debug */ = {
			isa = XCBuildConfiguration;
			buildSettings = {
				BUNDLE_LOADER = "$(TEST_HOST)";
				FRAMEWORK_SEARCH_PATHS = (
					"$(SDKROOT)/Developer/Library/Frameworks",
					"$(inherited)",
				);
				GCC_PREPROCESSOR_DEFINITIONS = (
					"DEBUG=1",
					"$(inherited)",
				);
				INFOPLIST_FILE = "Debt ManagerTests/Info.plist";
				LD_RUNPATH_SEARCH_PATHS = "$(inherited) @executable_path/Frameworks @loader_path/Frameworks";
				PRODUCT_NAME = "$(TARGET_NAME)";
				TEST_HOST = "$(BUILT_PRODUCTS_DIR)/Debt Manager.app/Debt Manager";
			};
			name = Debug;
		};
		D548A8751AC67962002D7DCB /* Release */ = {
			isa = XCBuildConfiguration;
			buildSettings = {
				BUNDLE_LOADER = "$(TEST_HOST)";
				FRAMEWORK_SEARCH_PATHS = (
					"$(SDKROOT)/Developer/Library/Frameworks",
					"$(inherited)",
				);
				INFOPLIST_FILE = "Debt ManagerTests/Info.plist";
				LD_RUNPATH_SEARCH_PATHS = "$(inherited) @executable_path/Frameworks @loader_path/Frameworks";
				PRODUCT_NAME = "$(TARGET_NAME)";
				TEST_HOST = "$(BUILT_PRODUCTS_DIR)/Debt Manager.app/Debt Manager";
			};
			name = Release;
		};
/* End XCBuildConfiguration section */

/* Begin XCConfigurationList section */
		D548A8451AC67962002D7DCB /* Build configuration list for PBXProject "Debt Manager" */ = {
			isa = XCConfigurationList;
			buildConfigurations = (
				D548A86E1AC67962002D7DCB /* Debug */,
				D548A86F1AC67962002D7DCB /* Release */,
			);
			defaultConfigurationIsVisible = 0;
			defaultConfigurationName = Release;
		};
		D548A8701AC67962002D7DCB /* Build configuration list for PBXNativeTarget "Debt Manager" */ = {
			isa = XCConfigurationList;
			buildConfigurations = (
				D548A8711AC67962002D7DCB /* Debug */,
				D548A8721AC67962002D7DCB /* Release */,
			);
			defaultConfigurationIsVisible = 0;
			defaultConfigurationName = Release;
		};
		D548A8731AC67962002D7DCB /* Build configuration list for PBXNativeTarget "Debt ManagerTests" */ = {
			isa = XCConfigurationList;
			buildConfigurations = (
				D548A8741AC67962002D7DCB /* Debug */,
				D548A8751AC67962002D7DCB /* Release */,
			);
			defaultConfigurationIsVisible = 0;
			defaultConfigurationName = Release;
		};
/* End XCConfigurationList section */

/* Begin XCVersionGroup section */
		D548A8541AC67962002D7DCB /* Debt_Manager.xcdatamodeld */ = {
			isa = XCVersionGroup;
			children = (
				D548A8551AC67962002D7DCB /* Debt_Manager.xcdatamodel */,
			);
			currentVersion = D548A8551AC67962002D7DCB /* Debt_Manager.xcdatamodel */;
			path = Debt_Manager.xcdatamodeld;
			sourceTree = "<group>";
			versionGroupType = wrapper.xcdatamodel;
		};
/* End XCVersionGroup section */
	};
	rootObject = D548A8421AC67962002D7DCB /* Project object */;
}
